
Microsoft Visual Studio Solution File, Format Version 12.00
# Visual Studio Version 16
VisualStudioVersion = 16.0.31112.23
MinimumVisualStudioVersion = 10.0.40219.1
Project("{FAE04EC0-301F-11D3-BF4B-00C04F79EFBC}") = "ColegioInterfaz", "ColegioInterfaz\ColegioInterfaz.csproj", "{DB1E9CB9-D852-4C81-8715-2A720EDD339B}"
EndProject
Global
	GlobalSection(SolutionConfigurationPlatforms) = preSolution
		Debug|Any CPU = Debug|Any CPU
		Release|Any CPU = Release|Any CPU
	EndGlobalSection
	GlobalSection(ProjectConfigurationPlatforms) = postSolution
		{DB1E9CB9-D852-4C81-8715-2A720EDD339B}.Debug|Any CPU.ActiveCfg = Debug|Any CPU
		{DB1E9CB9-D852-4C81-8715-2A720EDD339B}.Debug|Any CPU.Build.0 = Debug|Any CPU
		{DB1E9CB9-D852-4C81-8715-2A720EDD339B}.Release|Any CPU.ActiveCfg = Release|Any CPU
		{DB1E9CB9-D852-4C81-8715-2A720EDD339B}.Release|Any CPU.Build.0 = Release|Any CPU
	EndGlobalSection
	GlobalSection(SolutionProperties) = preSolution
		HideSolutionNode = FALSE
	EndGlobalSection
	GlobalSection(ExtensibilityGlobals) = postSolution
		SolutionGuid = {E7B60CB9-A164-402A-BB9D-A7F736EBF575}
	EndGlobalSection
EndGlobal
